
Microsoft Visual Studio Solution File, Format Version 12.00
# Visual Studio 15
VisualStudioVersion = 15.0.27703.2026
MinimumVisualStudioVersion = 10.0.40219.1
Project("{54435603-DBB4-11D2-8724-00A0C9A8B90C}") = "Filtro de sinais", "Filtro de sinais\Filtro de sinais.vdproj", "{D252F9B6-F0BA-44A3-9D02-311E891746F6}"
EndProject
Global
	GlobalSection(SolutionConfigurationPlatforms) = preSolution
		Debug|Default = Debug|Default
		Release|Default = Release|Default
	EndGlobalSection
	GlobalSection(ProjectConfigurationPlatforms) = postSolution
		{D252F9B6-F0BA-44A3-9D02-311E891746F6}.Debug|Default.ActiveCfg = Debug
		{D252F9B6-F0BA-44A3-9D02-311E891746F6}.Debug|Default.Build.0 = Debug
		{D252F9B6-F0BA-44A3-9D02-311E891746F6}.Release|Default.ActiveCfg = Release
		{D252F9B6-F0BA-44A3-9D02-311E891746F6}.Release|Default.Build.0 = Release
	EndGlobalSection
	GlobalSection(SolutionProperties) = preSolution
		HideSolutionNode = FALSE
	EndGlobalSection
	GlobalSection(ExtensibilityGlobals) = postSolution
		SolutionGuid = {035C4F0B-42CF-4AFC-817E-BC8533877AE2}
	EndGlobalSection
EndGlobal
